
Microsoft Visual Studio Solution File, Format Version 12.00
# Visual Studio Version 17
VisualStudioVersion = 17.9.34728.123
MinimumVisualStudioVersion = 10.0.40219.1
Project("{FAE04EC0-301F-11D3-BF4B-00C04F79EFBC}") = "BTC1", "BTC1\BTC1.csproj", "{42F24A23-9E1A-42D3-8171-44BB6A66395D}"
EndProject
Global
	GlobalSection(SolutionConfigurationPlatforms) = preSolution
		Debug|Any CPU = Debug|Any CPU
		Release|Any CPU = Release|Any CPU
	EndGlobalSection
	GlobalSection(ProjectConfigurationPlatforms) = postSolution
		{42F24A23-9E1A-42D3-8171-44BB6A66395D}.Debug|Any CPU.ActiveCfg = Debug|Any CPU
		{42F24A23-9E1A-42D3-8171-44BB6A66395D}.Debug|Any CPU.Build.0 = Debug|Any CPU
		{42F24A23-9E1A-42D3-8171-44BB6A66395D}.Release|Any CPU.ActiveCfg = Release|Any CPU
		{42F24A23-9E1A-42D3-8171-44BB6A66395D}.Release|Any CPU.Build.0 = Release|Any CPU
	EndGlobalSection
	GlobalSection(SolutionProperties) = preSolution
		HideSolutionNode = FALSE
	EndGlobalSection
	GlobalSection(ExtensibilityGlobals) = postSolution
		SolutionGuid = {95AB220F-63D4-462B-9BAE-D1F65E22938A}
	EndGlobalSection
EndGlobal
